// !$*UTF8*$!
{
	archiveVersion = 1;
	classes = {
	};
	objectVersion = 77;
	objects = {

/* Begin PBXContainerItemProxy section */
		15FE46452CCC9CDD00819775 /* PBXContainerItemProxy */ = {
			isa = PBXContainerItemProxy;
			containerPortal = 15FE462C2CCC9CD800819775 /* Project object */;
			proxyType = 1;
			remoteGlobalIDString = 15FE46332CCC9CD800819775;
			remoteInfo = "Keystone Project";
		};
		15FE464F2CCC9CDD00819775 /* PBXContainerItemProxy */ = {
			isa = PBXContainerItemProxy;
			containerPortal = 15FE462C2CCC9CD800819775 /* Project object */;
			proxyType = 1;
			remoteGlobalIDString = 15FE46332CCC9CD800819775;
			remoteInfo = "Keystone Project";
		};
/* End PBXContainerItemProxy section */

/* Begin PBXFileReference section */
		15FE46342CCC9CD800819775 /* Keystone Project.app */ = {isa = PBXFileReference; explicitFileType = wrapper.application; includeInIndex = 0; path = "Keystone Project.app"; sourceTree = BUILT_PRODUCTS_DIR; };
		15FE46442CCC9CDD00819775 /* Keystone ProjectTests.xctest */ = {isa = PBXFileReference; explicitFileType = wrapper.cfbundle; includeInIndex = 0; path = "Keystone ProjectTests.xctest"; sourceTree = BUILT_PRODUCTS_DIR; };
		15FE464E2CCC9CDD00819775 /* Keystone ProjectUITests.xctest */ = {isa = PBXFileReference; explicitFileType = wrapper.cfbundle; includeInIndex = 0; path = "Keystone ProjectUITests.xctest"; sourceTree = BUILT_PRODUCTS_DIR; };
/* End PBXFileReference section */

/* Begin PBXFileSystemSynchronizedRootGroup section */
		15FE46362CCC9CD800819775 /* Keystone Project */ = {
			isa = PBXFileSystemSynchronizedRootGroup;
			path = "Keystone Project";
			sourceTree = "<group>";
		};
		15FE46472CCC9CDD00819775 /* Keystone ProjectTests */ = {
			isa = PBXFileSystemSynchronizedRootGroup;
			path = "Keystone ProjectTests";
			sourceTree = "<group>";
		};
		15FE46512CCC9CDD00819775 /* Keystone ProjectUITests */ = {
			isa = PBXFileSystemSynchronizedRootGroup;
			path = "Keystone ProjectUITests";
			sourceTree = "<group>";
		};
/* End PBXFileSystemSynchronizedRootGroup section */

/* Begin PBXFrameworksBuildPhase section */
		15FE46312CCC9CD800819775 /* Frameworks */ = {
			isa = PBXFrameworksBuildPhase;
			buildActionMask = 2147483647;
			files = (
			);
			runOnlyForDeploymentPostprocessing = 0;
		};
		15FE46412CCC9CDD00819775 /* Frameworks */ = {
			isa = PBXFrameworksBuildPhase;
			buildActionMask = 2147483647;
			files = (
			);
			runOnlyForDeploymentPostprocessing = 0;
		};
		15FE464B2CCC9CDD00819775 /* Frameworks */ = {
			isa = PBXFrameworksBuildPhase;
			buildActionMask = 2147483647;
			files = (
			);
			runOnlyForDeploymentPostprocessing = 0;
		};
/* End PBXFrameworksBuildPhase section */

/* Begin PBXGroup section */
		15FE462B2CCC9CD800819775 = {
			isa = PBXGroup;
			children = (
				15FE46362CCC9CD800819775 /* Keystone Project */,
				15FE46472CCC9CDD00819775 /* Keystone ProjectTests */,
				15FE46512CCC9CDD00819775 /* Keystone ProjectUITests */,
				15FE46352CCC9CD800819775 /* Products */,
			);
			sourceTree = "<group>";
		};
		15FE46352CCC9CD800819775 /* Products */ = {
			isa = PBXGroup;
			children = (
				15FE46342CCC9CD800819775 /* Keystone Project.app */,
				15FE46442CCC9CDD00819775 /* Keystone ProjectTests.xctest */,
				15FE464E2CCC9CDD00819775 /* Keystone ProjectUITests.xctest */,
			);
			name = Products;
			sourceTree = "<group>";
		};
/* End PBXGroup section */

/* Begin PBXNativeTarget section */
		15FE46332CCC9CD800819775 /* Keystone Project */ = {
			isa = PBXNativeTarget;
			buildConfigurationList = 15FE46582CCC9CDD00819775 /* Build configuration list for PBXNativeTarget "Keystone Project" */;
			buildPhases = (
				15FE46302CCC9CD800819775 /* Sources */,
				15FE46312CCC9CD800819775 /* Frameworks */,
				15FE46322CCC9CD800819775 /* Resources */,
			);
			buildRules = (
			);
			dependencies = (
			);
			fileSystemSynchronizedGroups = (
				15FE46362CCC9CD800819775 /* Keystone Project */,
			);
			name = "Keystone Project";
			packageProductDependencies = (
			);
			productName = "Keystone Project";
			productReference = 15FE46342CCC9CD800819775 /* Keystone Project.app */;
			productType = "com.apple.product-type.application";
		};
		15FE46432CCC9CDD00819775 /* Keystone ProjectTests */ = {
			isa = PBXNativeTarget;
			buildConfigurationList = 15FE465B2CCC9CDD00819775 /* Build configuration list for PBXNativeTarget "Keystone ProjectTests" */;
			buildPhases = (
				15FE46402CCC9CDD00819775 /* Sources */,
				15FE46412CCC9CDD00819775 /* Frameworks */,
				15FE46422CCC9CDD00819775 /* Resources */,
			);
			buildRules = (
			);
			dependencies = (
				15FE46462CCC9CDD00819775 /* PBXTargetDependency */,
			);
			fileSystemSynchronizedGroups = (
				15FE46472CCC9CDD00819775 /* Keystone ProjectTests */,
			);
			name = "Keystone ProjectTests";
			packageProductDependencies = (
			);
			productName = "Keystone ProjectTests";
			productReference = 15FE46442CCC9CDD00819775 /* Keystone ProjectTests.xctest */;
			productType = "com.apple.product-type.bundle.unit-test";
		};
		15FE464D2CCC9CDD00819775 /* Keystone ProjectUITests */ = {
			isa = PBXNativeTarget;
			buildConfigurationList = 15FE465E2CCC9CDD00819775 /* Build configuration list for PBXNativeTarget "Keystone ProjectUITests" */;
			buildPhases = (
				15FE464A2CCC9CDD00819775 /* Sources */,
				15FE464B2CCC9CDD00819775 /* Frameworks */,
				15FE464C2CCC9CDD00819775 /* Resources */,
			);
			buildRules = (
			);
			dependencies = (
				15FE46502CCC9CDD00819775 /* PBXTargetDependency */,
			);
			fileSystemSynchronizedGroups = (
				15FE46512CCC9CDD00819775 /* Keystone ProjectUITests */,
			);
			name = "Keystone ProjectUITests";
			packageProductDependencies = (
			);
			productName = "Keystone ProjectUITests";
			productReference = 15FE464E2CCC9CDD00819775 /* Keystone ProjectUITests.xctest */;
			productType = "com.apple.product-type.bundle.ui-testing";
		};
/* End PBXNativeTarget section */

/* Begin PBXProject section */
		15FE462C2CCC9CD800819775 /* Project object */ = {
			isa = PBXProject;
			attributes = {
				BuildIndependentTargetsInParallel = 1;
				LastSwiftUpdateCheck = 1600;
				LastUpgradeCheck = 1600;
				TargetAttributes = {
					15FE46332CCC9CD800819775 = {
						CreatedOnToolsVersion = 16.0;
					};
					15FE46432CCC9CDD00819775 = {
						CreatedOnToolsVersion = 16.0;
						TestTargetID = 15FE46332CCC9CD800819775;
					};
					15FE464D2CCC9CDD00819775 = {
						CreatedOnToolsVersion = 16.0;
						TestTargetID = 15FE46332CCC9CD800819775;
					};
				};
			};
			buildConfigurationList = 15FE462F2CCC9CD800819775 /* Build configuration list for PBXProject "Keystone Project" */;
			developmentRegion = en;
			hasScannedForEncodings = 0;
			knownRegions = (
				en,
				Base,
			);
			mainGroup = 15FE462B2CCC9CD800819775;
			minimizedProjectReferenceProxies = 1;
			preferredProjectObjectVersion = 77;
			productRefGroup = 15FE46352CCC9CD800819775 /* Products */;
			projectDirPath = "";
			projectRoot = "";
			targets = (
				15FE46332CCC9CD800819775 /* Keystone Project */,
				15FE46432CCC9CDD00819775 /* Keystone ProjectTests */,
				15FE464D2CCC9CDD00819775 /* Keystone ProjectUITests */,
			);
		};
/* End PBXProject section */

/* Begin PBXResourcesBuildPhase section */
		15FE46322CCC9CD800819775 /* Resources */ = {
			isa = PBXResourcesBuildPhase;
			buildActionMask = 2147483647;
			files = (
			);
			runOnlyForDeploymentPostprocessing = 0;
		};
		15FE46422CCC9CDD00819775 /* Resources */ = {
			isa = PBXResourcesBuildPhase;
			buildActionMask = 2147483647;
			files = (
			);
			runOnlyForDeploymentPostprocessing = 0;
		};
		15FE464C2CCC9CDD00819775 /* Resources */ = {
			isa = PBXResourcesBuildPhase;
			buildActionMask = 2147483647;
			files = (
			);
			runOnlyForDeploymentPostprocessing = 0;
		};
/* End PBXResourcesBuildPhase section */

/* Begin PBXSourcesBuildPhase section */
		15FE46302CCC9CD800819775 /* Sources */ = {
			isa = PBXSourcesBuildPhase;
			buildActionMask = 2147483647;
			files = (
			);
			runOnlyForDeploymentPostprocessing = 0;
		};
		15FE46402CCC9CDD00819775 /* Sources */ = {
			isa = PBXSourcesBuildPhase;
			buildActionMask = 2147483647;
			files = (
			);
			runOnlyForDeploymentPostprocessing = 0;
		};
		15FE464A2CCC9CDD00819775 /* Sources */ = {
			isa = PBXSourcesBuildPhase;
			buildActionMask = 2147483647;
			files = (
			);
			runOnlyForDeploymentPostprocessing = 0;
		};
/* End PBXSourcesBuildPhase section */

/* Begin PBXTargetDependency section */
		15FE46462CCC9CDD00819775 /* PBXTargetDependency */ = {
			isa = PBXTargetDependency;
			target = 15FE46332CCC9CD800819775 /* Keystone Project */;
			targetProxy = 15FE46452CCC9CDD00819775 /* PBXContainerItemProxy */;
		};
		15FE46502CCC9CDD00819775 /* PBXTargetDependency */ = {
			isa = PBXTargetDependency;
			target = 15FE46332CCC9CD800819775 /* Keystone Project */;
			targetProxy = 15FE464F2CCC9CDD00819775 /* PBXContainerItemProxy */;
		};
/* End PBXTargetDependency section */

/* Begin XCBuildConfiguration section */
		15FE46562CCC9CDD00819775 /* Debug */ = {
			isa = XCBuildConfiguration;
			buildSettings = {
				ALWAYS_SEARCH_USER_PATHS = NO;
				ASSETCATALOG_COMPILER_GENERATE_SWIFT_ASSET_SYMBOL_EXTENSIONS = YES;
				CLANG_ANALYZER_NONNULL = YES;
				CLANG_ANALYZER_NUMBER_OBJECT_CONVERSION = YES_AGGRESSIVE;
				CLANG_CXX_LANGUAGE_STANDARD = "gnu++20";
				CLANG_ENABLE_MODULES = YES;
				CLANG_ENABLE_OBJC_ARC = YES;
				CLANG_ENABLE_OBJC_WEAK = YES;
				CLANG_WARN_BLOCK_CAPTURE_AUTORELEASING = YES;
				CLANG_WARN_BOOL_CONVERSION = YES;
				CLANG_WARN_COMMA = YES;
				CLANG_WARN_CONSTANT_CONVERSION = YES;
				CLANG_WARN_DEPRECATED_OBJC_IMPLEMENTATIONS = YES;
				CLANG_WARN_DIRECT_OBJC_ISA_USAGE = YES_ERROR;
				CLANG_WARN_DOCUMENTATION_COMMENTS = YES;
				CLANG_WARN_EMPTY_BODY = YES;
				CLANG_WARN_ENUM_CONVERSION = YES;
				CLANG_WARN_INFINITE_RECURSION = YES;
				CLANG_WARN_INT_CONVERSION = YES;
				CLANG_WARN_NON_LITERAL_NULL_CONVERSION = YES;
				CLANG_WARN_OBJC_IMPLICIT_RETAIN_SELF = YES;
				CLANG_WARN_OBJC_LITERAL_CONVERSION = YES;
				CLANG_WARN_OBJC_ROOT_CLASS = YES_ERROR;
				CLANG_WARN_QUOTED_INCLUDE_IN_FRAMEWORK_HEADER = YES;
				CLANG_WARN_RANGE_LOOP_ANALYSIS = YES;
				CLANG_WARN_STRICT_PROTOTYPES = YES;
				CLANG_WARN_SUSPICIOUS_MOVE = YES;
				CLANG_WARN_UNGUARDED_AVAILABILITY = YES_AGGRESSIVE;
				CLANG_WARN_UNREACHABLE_CODE = YES;
				CLANG_WARN__DUPLICATE_METHOD_MATCH = YES;
				COPY_PHASE_STRIP = NO;
				DEBUG_INFORMATION_FORMAT = dwarf;
				ENABLE_STRICT_OBJC_MSGSEND = YES;
				ENABLE_TESTABILITY = YES;
				ENABLE_USER_SCRIPT_SANDBOXING = YES;
				GCC_C_LANGUAGE_STANDARD = gnu17;
				GCC_DYNAMIC_NO_PIC = NO;
				GCC_NO_COMMON_BLOCKS = YES;
				GCC_OPTIMIZATION_LEVEL = 0;
				GCC_PREPROCESSOR_DEFINITIONS = (
					"DEBUG=1",
					"$(inherited)",
				);
				GCC_WARN_64_TO_32_BIT_CONVERSION = YES;
				GCC_WARN_ABOUT_RETURN_TYPE = YES_ERROR;
				GCC_WARN_UNDECLARED_SELECTOR = YES;
				GCC_WARN_UNINITIALIZED_AUTOS = YES_AGGRESSIVE;
				GCC_WARN_UNUSED_FUNCTION = YES;
				GCC_WARN_UNUSED_VARIABLE = YES;
				IPHONEOS_DEPLOYMENT_TARGET = 18.0;
				LOCALIZATION_PREFERS_STRING_CATALOGS = YES;
				MTL_ENABLE_DEBUG_INFO = INCLUDE_SOURCE;
				MTL_FAST_MATH = YES;
				ONLY_ACTIVE_ARCH = YES;
				SDKROOT = iphoneos;
				SWIFT_ACTIVE_COMPILATION_CONDITIONS = "DEBUG $(inherited)";
				SWIFT_OPTIMIZATION_LEVEL = "-Onone";
			};
			name = Debug;
		};
		15FE46572CCC9CDD00819775 /* Release */ = {
			isa = XCBuildConfiguration;
			buildSettings = {
				ALWAYS_SEARCH_USER_PATHS = NO;
				ASSETCATALOG_COMPILER_GENERATE_SWIFT_ASSET_SYMBOL_EXTENSIONS = YES;
				CLANG_ANALYZER_NONNULL = YES;
				CLANG_ANALYZER_NUMBER_OBJECT_CONVERSION = YES_AGGRESSIVE;
				CLANG_CXX_LANGUAGE_STANDARD = "gnu++20";
				CLANG_ENABLE_MODULES = YES;
				CLANG_ENABLE_OBJC_ARC = YES;
				CLANG_ENABLE_OBJC_WEAK = YES;
				CLANG_WARN_BLOCK_CAPTURE_AUTORELEASING = YES;
				CLANG_WARN_BOOL_CONVERSION = YES;
				CLANG_WARN_COMMA = YES;
				CLANG_WARN_CONSTANT_CONVERSION = YES;
				CLANG_WARN_DEPRECATED_OBJC_IMPLEMENTATIONS = YES;
				CLANG_WARN_DIRECT_OBJC_ISA_USAGE = YES_ERROR;
				CLANG_WARN_DOCUMENTATION_COMMENTS = YES;
				CLANG_WARN_EMPTY_BODY = YES;
				CLANG_WARN_ENUM_CONVERSION = YES;
				CLANG_WARN_INFINITE_RECURSION = YES;
				CLANG_WARN_INT_CONVERSION = YES;
				CLANG_WARN_NON_LITERAL_NULL_CONVERSION = YES;
				CLANG_WARN_OBJC_IMPLICIT_RETAIN_SELF = YES;
				CLANG_WARN_OBJC_LITERAL_CONVERSION = YES;
				CLANG_WARN_OBJC_ROOT_CLASS = YES_ERROR;
				CLANG_WARN_QUOTED_INCLUDE_IN_FRAMEWORK_HEADER = YES;
				CLANG_WARN_RANGE_LOOP_ANALYSIS = YES;
				CLANG_WARN_STRICT_PROTOTYPES = YES;
				CLANG_WARN_SUSPICIOUS_MOVE = YES;
				CLANG_WARN_UNGUARDED_AVAILABILITY = YES_AGGRESSIVE;
				CLANG_WARN_UNREACHABLE_CODE = YES;
				CLANG_WARN__DUPLICATE_METHOD_MATCH = YES;
				COPY_PHASE_STRIP = NO;
				DEBUG_INFORMATION_FORMAT = "dwarf-with-dsym";
				ENABLE_NS_ASSERTIONS = NO;
				ENABLE_STRICT_OBJC_MSGSEND = YES;
				ENABLE_USER_SCRIPT_SANDBOXING = YES;
				GCC_C_LANGUAGE_STANDARD = gnu17;
				GCC_NO_COMMON_BLOCKS = YES;
				GCC_WARN_64_TO_32_BIT_CONVERSION = YES;
				GCC_WARN_ABOUT_RETURN_TYPE = YES_ERROR;
				GCC_WARN_UNDECLARED_SELECTOR = YES;
				GCC_WARN_UNINITIALIZED_AUTOS = YES_AGGRESSIVE;
				GCC_WARN_UNUSED_FUNCTION = YES;
				GCC_WARN_UNUSED_VARIABLE = YES;
				IPHONEOS_DEPLOYMENT_TARGET = 18.0;
				LOCALIZATION_PREFERS_STRING_CATALOGS = YES;
				MTL_ENABLE_DEBUG_INFO = NO;
				MTL_FAST_MATH = YES;
				SDKROOT = iphoneos;
				SWIFT_COMPILATION_MODE = wholemodule;
				VALIDATE_PRODUCT = YES;
			};
			name = Release;
		};
		15FE46592CCC9CDD00819775 /* Debug */ = {
			isa = XCBuildConfiguration;
			buildSettings = {
				ASSETCATALOG_COMPILER_APPICON_NAME = AppIcon;
				ASSETCATALOG_COMPILER_GLOBAL_ACCENT_COLOR_NAME = AccentColor;
				CODE_SIGN_STYLE = Automatic;
				CURRENT_PROJECT_VERSION = 1;
				DEVELOPMENT_ASSET_PATHS = "\"Keystone Project/Preview Content\"";
				DEVELOPMENT_TEAM = HN2AZFMPQG;
				ENABLE_PREVIEWS = YES;
				GENERATE_INFOPLIST_FILE = YES;
				INFOPLIST_KEY_UIApplicationSceneManifest_Generation = YES;
				INFOPLIST_KEY_UIApplicationSupportsIndirectInputEvents = YES;
				INFOPLIST_KEY_UILaunchScreen_Generation = YES;
				INFOPLIST_KEY_UISupportedInterfaceOrientations_iPad = "UIInterfaceOrientationPortrait UIInterfaceOrientationPortraitUpsideDown UIInterfaceOrientationLandscapeLeft UIInterfaceOrientationLandscapeRight";
				INFOPLIST_KEY_UISupportedInterfaceOrientations_iPhone = "UIInterfaceOrientationPortrait UIInterfaceOrientationLandscapeLeft UIInterfaceOrientationLandscapeRight";
				LD_RUNPATH_SEARCH_PATHS = (
					"$(inherited)",
					"@executable_path/Frameworks",
				);
				MARKETING_VERSION = 1.0;
				PRODUCT_BUNDLE_IDENTIFIER = "com.deybelman.Keystone-Project";
				PRODUCT_NAME = "$(TARGET_NAME)";
				SWIFT_EMIT_LOC_STRINGS = YES;
				SWIFT_VERSION = 5.0;
				TARGETED_DEVICE_FAMILY = "1,2";
			};
			name = Debug;
		};
		15FE465A2CCC9CDD00819775 /* Release */ = {
			isa = XCBuildConfiguration;
			buildSettings = {
				ASSETCATALOG_COMPILER_APPICON_NAME = AppIcon;
				ASSETCATALOG_COMPILER_GLOBAL_ACCENT_COLOR_NAME = AccentColor;
				CODE_SIGN_STYLE = Automatic;
				CURRENT_PROJECT_VERSION = 1;
				DEVELOPMENT_ASSET_PATHS = "\"Keystone Project/Preview Content\"";
				DEVELOPMENT_TEAM = HN2AZFMPQG;
				ENABLE_PREVIEWS = YES;
				GENERATE_INFOPLIST_FILE = YES;
				INFOPLIST_KEY_UIApplicationSceneManifest_Generation = YES;
				INFOPLIST_KEY_UIApplicationSupportsIndirectInputEvents = YES;
				INFOPLIST_KEY_UILaunchScreen_Generation = YES;
				INFOPLIST_KEY_UISupportedInterfaceOrientations_iPad = "UIInterfaceOrientationPortrait UIInterfaceOrientationPortraitUpsideDown UIInterfaceOrientationLandscapeLeft UIInterfaceOrientationLandscapeRight";
				INFOPLIST_KEY_UISupportedInterfaceOrientations_iPhone = "UIInterfaceOrientationPortrait UIInterfaceOrientationLandscapeLeft UIInterfaceOrientationLandscapeRight";
				LD_RUNPATH_SEARCH_PATHS = (
					"$(inherited)",
					"@executable_path/Frameworks",
				);
				MARKETING_VERSION = 1.0;
				PRODUCT_BUNDLE_IDENTIFIER = "com.deybelman.Keystone-Project";
				PRODUCT_NAME = "$(TARGET_NAME)";
				SWIFT_EMIT_LOC_STRINGS = YES;
				SWIFT_VERSION = 5.0;
				TARGETED_DEVICE_FAMILY = "1,2";
			};
			name = Release;
		};
		15FE465C2CCC9CDD00819775 /* Debug */ = {
			isa = XCBuildConfiguration;
			buildSettings = {
				BUNDLE_LOADER = "$(TEST_HOST)";
				CODE_SIGN_STYLE = Automatic;
				CURRENT_PROJECT_VERSION = 1;
				GENERATE_INFOPLIST_FILE = YES;
				IPHONEOS_DEPLOYMENT_TARGET = 18.0;
				MARKETING_VERSION = 1.0;
				PRODUCT_BUNDLE_IDENTIFIER = "com.deybelman.Keystone-ProjectTests";
				PRODUCT_NAME = "$(TARGET_NAME)";
				SWIFT_EMIT_LOC_STRINGS = NO;
				SWIFT_VERSION = 5.0;
				TARGETED_DEVICE_FAMILY = "1,2";
				TEST_HOST = "$(BUILT_PRODUCTS_DIR)/Keystone Project.app/$(BUNDLE_EXECUTABLE_FOLDER_PATH)/Keystone Project";
			};
			name = Debug;
		};
		15FE465D2CCC9CDD00819775 /* Release */ = {
			isa = XCBuildConfiguration;
			buildSettings = {
				BUNDLE_LOADER = "$(TEST_HOST)";
				CODE_SIGN_STYLE = Automatic;
				CURRENT_PROJECT_VERSION = 1;
				GENERATE_INFOPLIST_FILE = YES;
				IPHONEOS_DEPLOYMENT_TARGET = 18.0;
				MARKETING_VERSION = 1.0;
				PRODUCT_BUNDLE_IDENTIFIER = "com.deybelman.Keystone-ProjectTests";
				PRODUCT_NAME = "$(TARGET_NAME)";
				SWIFT_EMIT_LOC_STRINGS = NO;
				SWIFT_VERSION = 5.0;
				TARGETED_DEVICE_FAMILY = "1,2";
				TEST_HOST = "$(BUILT_PRODUCTS_DIR)/Keystone Project.app/$(BUNDLE_EXECUTABLE_FOLDER_PATH)/Keystone Project";
			};
			name = Release;
		};
		15FE465F2CCC9CDD00819775 /* Debug */ = {
			isa = XCBuildConfiguration;
			buildSettings = {
				CODE_SIGN_STYLE = Automatic;
				CURRENT_PROJECT_VERSION = 1;
				GENERATE_INFOPLIST_FILE = YES;
				MARKETING_VERSION = 1.0;
				PRODUCT_BUNDLE_IDENTIFIER = "com.deybelman.Keystone-ProjectUITests";
				PRODUCT_NAME = "$(TARGET_NAME)";
				SWIFT_EMIT_LOC_STRINGS = NO;
				SWIFT_VERSION = 5.0;
				TARGETED_DEVICE_FAMILY = "1,2";
				TEST_TARGET_NAME = "Keystone Project";
			};
			name = Debug;
		};
		15FE46602CCC9CDD00819775 /* Release */ = {
			isa = XCBuildConfiguration;
			buildSettings = {
				CODE_SIGN_STYLE = Automatic;
				CURRENT_PROJECT_VERSION = 1;
				GENERATE_INFOPLIST_FILE = YES;
				MARKETING_VERSION = 1.0;
				PRODUCT_BUNDLE_IDENTIFIER = "com.deybelman.Keystone-ProjectUITests";
				PRODUCT_NAME = "$(TARGET_NAME)";
				SWIFT_EMIT_LOC_STRINGS = NO;
				SWIFT_VERSION = 5.0;
				TARGETED_DEVICE_FAMILY = "1,2";
				TEST_TARGET_NAME = "Keystone Project";
			};
			name = Release;
		};
/* End XCBuildConfiguration section */

/* Begin XCConfigurationList section */
		15FE462F2CCC9CD800819775 /* Build configuration list for PBXProject "Keystone Project" */ = {
			isa = XCConfigurationList;
			buildConfigurations = (
				15FE46562CCC9CDD00819775 /* Debug */,
				15FE46572CCC9CDD00819775 /* Release */,
			);
			defaultConfigurationIsVisible = 0;
			defaultConfigurationName = Release;
		};
		15FE46582CCC9CDD00819775 /* Build configuration list for PBXNativeTarget "Keystone Project" */ = {
			isa = XCConfigurationList;
			buildConfigurations = (
				15FE46592CCC9CDD00819775 /* Debug */,
				15FE465A2CCC9CDD00819775 /* Release */,
			);
			defaultConfigurationIsVisible = 0;
			defaultConfigurationName = Release;
		};
		15FE465B2CCC9CDD00819775 /* Build configuration list for PBXNativeTarget "Keystone ProjectTests" */ = {
			isa = XCConfigurationList;
			buildConfigurations = (
				15FE465C2CCC9CDD00819775 /* Debug */,
				15FE465D2CCC9CDD00819775 /* Release */,
			);
			defaultConfigurationIsVisible = 0;
			defaultConfigurationName = Release;
		};
		15FE465E2CCC9CDD00819775 /* Build configuration list for PBXNativeTarget "Keystone ProjectUITests" */ = {
			isa = XCConfigurationList;
			buildConfigurations = (
				15FE465F2CCC9CDD00819775 /* Debug */,
				15FE46602CCC9CDD00819775 /* Release */,
			);
			defaultConfigurationIsVisible = 0;
			defaultConfigurationName = Release;
		};
/* End XCConfigurationList section */
	};
	rootObject = 15FE462C2CCC9CD800819775 /* Project object */;
}
